# This file is autogenerated, do not edit; changes may be undone by the next 'dep ensure'.


[[projects]]
  branch = "master"
  digest = "1:4627d079278a7990e86c36e377a1906adca83e4e610490bdf567648448c18074"
  name = "github.com/Hackdom/ethpm-go"
  packages = [
    "pkg/ethabi",
    "pkg/natspec",
  ]
  pruneopts = "UT"
  revision = "76465ecfa7fe9cf7804c0d536d181c6a777c2bb8"

[solve-meta]
  analyzer-name = "dep"
  analyzer-version = 1
  input-imports = [
    "github.com/Hackdom/ethpm-go/pkg/ethabi",
    "github.com/Hackdom/ethpm-go/pkg/natspec",
  ]
  solver-name = "gps-cdcl"
  solver-version = 1
